
Microsoft Visual Studio Solution File, Format Version 12.00
# Visual Studio Version 17
VisualStudioVersion = 17.0.32112.339
MinimumVisualStudioVersion = 10.0.40219.1
Project("{FAE04EC0-301F-11D3-BF4B-00C04F79EFBC}") = "ProvaTriangulos.ConsoleApp", "ProvaTriangulos.ConsoleApp\ProvaTriangulos.ConsoleApp.csproj", "{FC32F808-8951-44CC-A6B0-B10CC5C8AB1D}"
EndProject
Global
	GlobalSection(SolutionConfigurationPlatforms) = preSolution
		Debug|Any CPU = Debug|Any CPU
		Release|Any CPU = Release|Any CPU
	EndGlobalSection
	GlobalSection(ProjectConfigurationPlatforms) = postSolution
		{FC32F808-8951-44CC-A6B0-B10CC5C8AB1D}.Debug|Any CPU.ActiveCfg = Debug|Any CPU
		{FC32F808-8951-44CC-A6B0-B10CC5C8AB1D}.Debug|Any CPU.Build.0 = Debug|Any CPU
		{FC32F808-8951-44CC-A6B0-B10CC5C8AB1D}.Release|Any CPU.ActiveCfg = Release|Any CPU
		{FC32F808-8951-44CC-A6B0-B10CC5C8AB1D}.Release|Any CPU.Build.0 = Release|Any CPU
	EndGlobalSection
	GlobalSection(SolutionProperties) = preSolution
		HideSolutionNode = FALSE
	EndGlobalSection
	GlobalSection(ExtensibilityGlobals) = postSolution
		SolutionGuid = {73072F0D-21B0-4959-AC2C-3A2BAB705739}
	EndGlobalSection
EndGlobal
